
Microsoft Visual Studio Solution File, Format Version 11.00
# Visual Studio 2010
Project("{FAE04EC0-301F-11D3-BF4B-00C04F79EFBC}") = "cpsc594-cdl", "cpsc594-cdl\cpsc594-cdl.csproj", "{2EF6612F-E47A-4540-8D1E-AFB9BBDBE04E}"
EndProject
Project("{2CFEAB61-6A3B-4EB8-B523-560B4BEEF521}") = "cpsc594-cdl.csproj_deploy", "cpsc594-cdl.csproj_deploy\cpsc594-cdl.csproj_deploy.wdproj", "{F45A4744-8846-47BE-B7CC-EBF91DBBF680}"
EndProject
Global
	GlobalSection(SolutionConfigurationPlatforms) = preSolution
		Debug|Any CPU = Debug|Any CPU
		Deploy|Any CPU = Deploy|Any CPU
		Release|Any CPU = Release|Any CPU
	EndGlobalSection
	GlobalSection(ProjectConfigurationPlatforms) = postSolution
		{2EF6612F-E47A-4540-8D1E-AFB9BBDBE04E}.Debug|Any CPU.ActiveCfg = Debug|Any CPU
		{2EF6612F-E47A-4540-8D1E-AFB9BBDBE04E}.Debug|Any CPU.Build.0 = Debug|Any CPU
		{2EF6612F-E47A-4540-8D1E-AFB9BBDBE04E}.Deploy|Any CPU.ActiveCfg = Debug|Any CPU
		{2EF6612F-E47A-4540-8D1E-AFB9BBDBE04E}.Deploy|Any CPU.Build.0 = Debug|Any CPU
		{2EF6612F-E47A-4540-8D1E-AFB9BBDBE04E}.Release|Any CPU.ActiveCfg = Release|Any CPU
		{2EF6612F-E47A-4540-8D1E-AFB9BBDBE04E}.Release|Any CPU.Build.0 = Release|Any CPU
		{F45A4744-8846-47BE-B7CC-EBF91DBBF680}.Debug|Any CPU.ActiveCfg = Debug|Any CPU
		{F45A4744-8846-47BE-B7CC-EBF91DBBF680}.Deploy|Any CPU.ActiveCfg = Deploy|Any CPU
		{F45A4744-8846-47BE-B7CC-EBF91DBBF680}.Deploy|Any CPU.Build.0 = Deploy|Any CPU
		{F45A4744-8846-47BE-B7CC-EBF91DBBF680}.Release|Any CPU.ActiveCfg = Release|Any CPU
	EndGlobalSection
	GlobalSection(SolutionProperties) = preSolution
		HideSolutionNode = FALSE
	EndGlobalSection
EndGlobal
